
Microsoft Visual Studio Solution File, Format Version 12.00
# Visual Studio 15
VisualStudioVersion = 15.0.27130.2020
MinimumVisualStudioVersion = 10.0.40219.1
Project("{FAE04EC0-301F-11D3-BF4B-00C04F79EFBC}") = "12_04", "12_04\12_04.csproj", "{B2E78A2D-C73B-4202-BEB1-4CE062D98455}"
EndProject
Global
	GlobalSection(SolutionConfigurationPlatforms) = preSolution
		Debug|Any CPU = Debug|Any CPU
		Release|Any CPU = Release|Any CPU
	EndGlobalSection
	GlobalSection(ProjectConfigurationPlatforms) = postSolution
		{B2E78A2D-C73B-4202-BEB1-4CE062D98455}.Debug|Any CPU.ActiveCfg = Debug|Any CPU
		{B2E78A2D-C73B-4202-BEB1-4CE062D98455}.Debug|Any CPU.Build.0 = Debug|Any CPU
		{B2E78A2D-C73B-4202-BEB1-4CE062D98455}.Release|Any CPU.ActiveCfg = Release|Any CPU
		{B2E78A2D-C73B-4202-BEB1-4CE062D98455}.Release|Any CPU.Build.0 = Release|Any CPU
	EndGlobalSection
	GlobalSection(SolutionProperties) = preSolution
		HideSolutionNode = FALSE
	EndGlobalSection
	GlobalSection(ExtensibilityGlobals) = postSolution
		SolutionGuid = {295C5241-059B-41C2-AB22-DDDD74CA956F}
	EndGlobalSection
EndGlobal
